
Microsoft Visual Studio Solution File, Format Version 12.00
# Visual Studio 15
VisualStudioVersion = 15.0.28307.438
MinimumVisualStudioVersion = 10.0.40219.1
Project("{FAE04EC0-301F-11D3-BF4B-00C04F79EFBC}") = "TrebovanjaNarudzbe.Web", "TrebovanjaNarudzbe.Web\TrebovanjaNarudzbe.Web.csproj", "{8472177F-8DE0-4222-AE0C-994922358472}"
EndProject
Project("{FAE04EC0-301F-11D3-BF4B-00C04F79EFBC}") = "TrebovanjaNarudzbe.Models", "TrebovanjaNarudzbe.Models\TrebovanjaNarudzbe.Models.csproj", "{6CF24BC7-966F-4B46-864A-7DC19C6DB4A2}"
EndProject
Global
	GlobalSection(SolutionConfigurationPlatforms) = preSolution
		Debug|Any CPU = Debug|Any CPU
		Release|Any CPU = Release|Any CPU
	EndGlobalSection
	GlobalSection(ProjectConfigurationPlatforms) = postSolution
		{8472177F-8DE0-4222-AE0C-994922358472}.Debug|Any CPU.ActiveCfg = Debug|Any CPU
		{8472177F-8DE0-4222-AE0C-994922358472}.Debug|Any CPU.Build.0 = Debug|Any CPU
		{8472177F-8DE0-4222-AE0C-994922358472}.Release|Any CPU.ActiveCfg = Release|Any CPU
		{8472177F-8DE0-4222-AE0C-994922358472}.Release|Any CPU.Build.0 = Release|Any CPU
		{6CF24BC7-966F-4B46-864A-7DC19C6DB4A2}.Debug|Any CPU.ActiveCfg = Debug|Any CPU
		{6CF24BC7-966F-4B46-864A-7DC19C6DB4A2}.Debug|Any CPU.Build.0 = Debug|Any CPU
		{6CF24BC7-966F-4B46-864A-7DC19C6DB4A2}.Release|Any CPU.ActiveCfg = Release|Any CPU
		{6CF24BC7-966F-4B46-864A-7DC19C6DB4A2}.Release|Any CPU.Build.0 = Release|Any CPU
	EndGlobalSection
	GlobalSection(SolutionProperties) = preSolution
		HideSolutionNode = FALSE
	EndGlobalSection
	GlobalSection(ExtensibilityGlobals) = postSolution
		SolutionGuid = {48329637-0A13-4E3F-887F-D71E444D1E55}
	EndGlobalSection
EndGlobal
